
Microsoft Visual Studio Solution File, Format Version 12.00
# Visual Studio Version 16
VisualStudioVersion = 16.0.29709.97
MinimumVisualStudioVersion = 10.0.40219.1
Project("{FAE04EC0-301F-11D3-BF4B-00C04F79EFBC}") = "test_MVVM", "test_MVVM\test_MVVM.csproj", "{DB937F1F-7114-4F57-864A-F6429C35A126}"
EndProject
Global
	GlobalSection(SolutionConfigurationPlatforms) = preSolution
		Debug|Any CPU = Debug|Any CPU
		Release|Any CPU = Release|Any CPU
	EndGlobalSection
	GlobalSection(ProjectConfigurationPlatforms) = postSolution
		{DB937F1F-7114-4F57-864A-F6429C35A126}.Debug|Any CPU.ActiveCfg = Debug|Any CPU
		{DB937F1F-7114-4F57-864A-F6429C35A126}.Debug|Any CPU.Build.0 = Debug|Any CPU
		{DB937F1F-7114-4F57-864A-F6429C35A126}.Release|Any CPU.ActiveCfg = Release|Any CPU
		{DB937F1F-7114-4F57-864A-F6429C35A126}.Release|Any CPU.Build.0 = Release|Any CPU
	EndGlobalSection
	GlobalSection(SolutionProperties) = preSolution
		HideSolutionNode = FALSE
	EndGlobalSection
	GlobalSection(ExtensibilityGlobals) = postSolution
		SolutionGuid = {5EDCC791-B511-413F-AE17-8E236889ECDF}
	EndGlobalSection
EndGlobal
